
Microsoft Visual Studio Solution File, Format Version 12.00
# Visual Studio Version 17
VisualStudioVersion = 17.3.32922.545
MinimumVisualStudioVersion = 10.0.40219.1
Project("{FAE04EC0-301F-11D3-BF4B-00C04F79EFBC}") = "remailDotNetAPI", "remailDotNetAPI\remailDotNetAPI.csproj", "{0E9CD9CA-C16A-4221-80BC-D369138DC77A}"
EndProject
Global
	GlobalSection(SolutionConfigurationPlatforms) = preSolution
		Debug|Any CPU = Debug|Any CPU
		Release|Any CPU = Release|Any CPU
	EndGlobalSection
	GlobalSection(ProjectConfigurationPlatforms) = postSolution
		{0E9CD9CA-C16A-4221-80BC-D369138DC77A}.Debug|Any CPU.ActiveCfg = Debug|Any CPU
		{0E9CD9CA-C16A-4221-80BC-D369138DC77A}.Debug|Any CPU.Build.0 = Debug|Any CPU
		{0E9CD9CA-C16A-4221-80BC-D369138DC77A}.Release|Any CPU.ActiveCfg = Release|Any CPU
		{0E9CD9CA-C16A-4221-80BC-D369138DC77A}.Release|Any CPU.Build.0 = Release|Any CPU
	EndGlobalSection
	GlobalSection(SolutionProperties) = preSolution
		HideSolutionNode = FALSE
	EndGlobalSection
	GlobalSection(ExtensibilityGlobals) = postSolution
		SolutionGuid = {096B1E90-0203-4703-8841-8896DCAC7623}
	EndGlobalSection
EndGlobal
